// !$*UTF8*$!
{
	archiveVersion = 1;
	classes = {
	};
	objectVersion = 50;
	objects = {

/* Begin PBXBuildFile section */
		E79985532340AEE900327913 /* AppDelegate.m in Sources */ = {isa = PBXBuildFile; fileRef = E79985522340AEE900327913 /* AppDelegate.m */; };
		E79985562340AEE900327913 /* ViewController.m in Sources */ = {isa = PBXBuildFile; fileRef = E79985552340AEE900327913 /* ViewController.m */; };
		E79985592340AEE900327913 /* Main.storyboard in Resources */ = {isa = PBXBuildFile; fileRef = E79985572340AEE900327913 /* Main.storyboard */; };
		E799855B2340AEF000327913 /* Assets.xcassets in Resources */ = {isa = PBXBuildFile; fileRef = E799855A2340AEF000327913 /* Assets.xcassets */; };
		E799855E2340AEF000327913 /* LaunchScreen.storyboard in Resources */ = {isa = PBXBuildFile; fileRef = E799855C2340AEF000327913 /* LaunchScreen.storyboard */; };
		E79985612340AEF000327913 /* main.m in Sources */ = {isa = PBXBuildFile; fileRef = E79985602340AEF000327913 /* main.m */; };
/* End PBXBuildFile section */

/* Begin PBXFileReference section */
		E799854E2340AEE900327913 /* Job.app */ = {isa = PBXFileReference; explicitFileType = wrapper.application; includeInIndex = 0; path = Job.app; sourceTree = BUILT_PRODUCTS_DIR; };
		E79985512340AEE900327913 /* AppDelegate.h */ = {isa = PBXFileReference; lastKnownFileType = sourcecode.c.h; path = AppDelegate.h; sourceTree = "<group>"; };
		E79985522340AEE900327913 /* AppDelegate.m */ = {isa = PBXFileReference; lastKnownFileType = sourcecode.c.objc; path = AppDelegate.m; sourceTree = "<group>"; };
		E79985542340AEE900327913 /* ViewController.h */ = {isa = PBXFileReference; lastKnownFileType = sourcecode.c.h; path = ViewController.h; sourceTree = "<group>"; };
		E79985552340AEE900327913 /* ViewController.m */ = {isa = PBXFileReference; lastKnownFileType = sourcecode.c.objc; path = ViewController.m; sourceTree = "<group>"; };
		E79985582340AEE900327913 /* Base */ = {isa = PBXFileReference; lastKnownFileType = file.storyboard; name = Base; path = Base.lproj/Main.storyboard; sourceTree = "<group>"; };
		E799855A2340AEF000327913 /* Assets.xcassets */ = {isa = PBXFileReference; lastKnownFileType = folder.assetcatalog; path = Assets.xcassets; sourceTree = "<group>"; };
		E799855D2340AEF000327913 /* Base */ = {isa = PBXFileReference; lastKnownFileType = file.storyboard; name = Base; path = Base.lproj/LaunchScreen.storyboard; sourceTree = "<group>"; };
		E799855F2340AEF000327913 /* Info.plist */ = {isa = PBXFileReference; lastKnownFileType = text.plist.xml; path = Info.plist; sourceTree = "<group>"; };
		E79985602340AEF000327913 /* main.m */ = {isa = PBXFileReference; lastKnownFileType = sourcecode.c.objc; path = main.m; sourceTree = "<group>"; };
/* End PBXFileReference section */

/* Begin PBXFrameworksBuildPhase section */
		E799854B2340AEE900327913 /* Frameworks */ = {
			isa = PBXFrameworksBuildPhase;
			buildActionMask = 2147483647;
			files = (
			);
			runOnlyForDeploymentPostprocessing = 0;
		};
/* End PBXFrameworksBuildPhase section */

/* Begin PBXGroup section */
		E79985452340AEE900327913 = {
			isa = PBXGroup;
			children = (
				E79985502340AEE900327913 /* Job */,
				E799854F2340AEE900327913 /* Products */,
			);
			sourceTree = "<group>";
		};
		E799854F2340AEE900327913 /* Products */ = {
			isa = PBXGroup;
			children = (
				E799854E2340AEE900327913 /* Job.app */,
			);
			name = Products;
			sourceTree = "<group>";
		};
		E79985502340AEE900327913 /* Job */ = {
			isa = PBXGroup;
			children = (
				E79985682340AF5300327913 /* 技术梳理 */,
				E79985672340AF5300327913 /* 资料搜集 */,
				E79985512340AEE900327913 /* AppDelegate.h */,
				E79985522340AEE900327913 /* AppDelegate.m */,
				E79985542340AEE900327913 /* ViewController.h */,
				E79985552340AEE900327913 /* ViewController.m */,
				E79985572340AEE900327913 /* Main.storyboard */,
				E799855A2340AEF000327913 /* Assets.xcassets */,
				E799855C2340AEF000327913 /* LaunchScreen.storyboard */,
				E799855F2340AEF000327913 /* Info.plist */,
				E79985602340AEF000327913 /* main.m */,
			);
			path = Job;
			sourceTree = "<group>";
		};
		E79985672340AF5300327913 /* 资料搜集 */ = {
			isa = PBXGroup;
			children = (
			);
			path = "资料搜集";
			sourceTree = "<group>";
		};
		E79985682340AF5300327913 /* 技术梳理 */ = {
			isa = PBXGroup;
			children = (
			);
			path = "技术梳理";
			sourceTree = "<group>";
		};
/* End PBXGroup section */

/* Begin PBXNativeTarget section */
		E799854D2340AEE900327913 /* Job */ = {
			isa = PBXNativeTarget;
			buildConfigurationList = E79985642340AEF000327913 /* Build configuration list for PBXNativeTarget "Job" */;
			buildPhases = (
				E799854A2340AEE900327913 /* Sources */,
				E799854B2340AEE900327913 /* Frameworks */,
				E799854C2340AEE900327913 /* Resources */,
			);
			buildRules = (
			);
			dependencies = (
			);
			name = Job;
			productName = Job;
			productReference = E799854E2340AEE900327913 /* Job.app */;
			productType = "com.apple.product-type.application";
		};
/* End PBXNativeTarget section */

/* Begin PBXProject section */
		E79985462340AEE900327913 /* Project object */ = {
			isa = PBXProject;
			attributes = {
				LastUpgradeCheck = 1020;
				ORGANIZATIONNAME = com.stan.com;
				TargetAttributes = {
					E799854D2340AEE900327913 = {
						CreatedOnToolsVersion = 10.2;
					};
				};
			};
			buildConfigurationList = E79985492340AEE900327913 /* Build configuration list for PBXProject "Job" */;
			compatibilityVersion = "Xcode 9.3";
			developmentRegion = en;
			hasScannedForEncodings = 0;
			knownRegions = (
				en,
				Base,
			);
			mainGroup = E79985452340AEE900327913;
			productRefGroup = E799854F2340AEE900327913 /* Products */;
			projectDirPath = "";
			projectRoot = "";
			targets = (
				E799854D2340AEE900327913 /* Job */,
			);
		};
/* End PBXProject section */

/* Begin PBXResourcesBuildPhase section */
		E799854C2340AEE900327913 /* Resources */ = {
			isa = PBXResourcesBuildPhase;
			buildActionMask = 2147483647;
			files = (
				E799855E2340AEF000327913 /* LaunchScreen.storyboard in Resources */,
				E799855B2340AEF000327913 /* Assets.xcassets in Resources */,
				E79985592340AEE900327913 /* Main.storyboard in Resources */,
			);
			runOnlyForDeploymentPostprocessing = 0;
		};
/* End PBXResourcesBuildPhase section */

/* Begin PBXSourcesBuildPhase section */
		E799854A2340AEE900327913 /* Sources */ = {
			isa = PBXSourcesBuildPhase;
			buildActionMask = 2147483647;
			files = (
				E79985562340AEE900327913 /* ViewController.m in Sources */,
				E79985612340AEF000327913 /* main.m in Sources */,
				E79985532340AEE900327913 /* AppDelegate.m in Sources */,
			);
			runOnlyForDeploymentPostprocessing = 0;
		};
/* End PBXSourcesBuildPhase section */

/* Begin PBXVariantGroup section */
		E79985572340AEE900327913 /* Main.storyboard */ = {
			isa = PBXVariantGroup;
			children = (
				E79985582340AEE900327913 /* Base */,
			);
			name = Main.storyboard;
			sourceTree = "<group>";
		};
		E799855C2340AEF000327913 /* LaunchScreen.storyboard */ = {
			isa = PBXVariantGroup;
			children = (
				E799855D2340AEF000327913 /* Base */,
			);
			name = LaunchScreen.storyboard;
			sourceTree = "<group>";
		};
/* End PBXVariantGroup section */

/* Begin XCBuildConfiguration section */
		E79985622340AEF000327913 /* Debug */ = {
			isa = XCBuildConfiguration;
			buildSettings = {
				ALWAYS_SEARCH_USER_PATHS = NO;
				CLANG_ANALYZER_NONNULL = YES;
				CLANG_ANALYZER_NUMBER_OBJECT_CONVERSION = YES_AGGRESSIVE;
				CLANG_CXX_LANGUAGE_STANDARD = "gnu++14";
				CLANG_CXX_LIBRARY = "libc++";
				CLANG_ENABLE_MODULES = YES;
				CLANG_ENABLE_OBJC_ARC = YES;
				CLANG_ENABLE_OBJC_WEAK = YES;
				CLANG_WARN_BLOCK_CAPTURE_AUTORELEASING = YES;
				CLANG_WARN_BOOL_CONVERSION = YES;
				CLANG_WARN_COMMA = YES;
				CLANG_WARN_CONSTANT_CONVERSION = YES;
				CLANG_WARN_DEPRECATED_OBJC_IMPLEMENTATIONS = YES;
				CLANG_WARN_DIRECT_OBJC_ISA_USAGE = YES_ERROR;
				CLANG_WARN_DOCUMENTATION_COMMENTS = YES;
				CLANG_WARN_EMPTY_BODY = YES;
				CLANG_WARN_ENUM_CONVERSION = YES;
				CLANG_WARN_INFINITE_RECURSION = YES;
				CLANG_WARN_INT_CONVERSION = YES;
				CLANG_WARN_NON_LITERAL_NULL_CONVERSION = YES;
				CLANG_WARN_OBJC_IMPLICIT_RETAIN_SELF = YES;
				CLANG_WARN_OBJC_LITERAL_CONVERSION = YES;
				CLANG_WARN_OBJC_ROOT_CLASS = YES_ERROR;
				CLANG_WARN_RANGE_LOOP_ANALYSIS = YES;
				CLANG_WARN_STRICT_PROTOTYPES = YES;
				CLANG_WARN_SUSPICIOUS_MOVE = YES;
				CLANG_WARN_UNGUARDED_AVAILABILITY = YES_AGGRESSIVE;
				CLANG_WARN_UNREACHABLE_CODE = YES;
				CLANG_WARN__DUPLICATE_METHOD_MATCH = YES;
				CODE_SIGN_IDENTITY = "iPhone Developer";
				COPY_PHASE_STRIP = NO;
				DEBUG_INFORMATION_FORMAT = dwarf;
				ENABLE_STRICT_OBJC_MSGSEND = YES;
				ENABLE_TESTABILITY = YES;
				GCC_C_LANGUAGE_STANDARD = gnu11;
				GCC_DYNAMIC_NO_PIC = NO;
				GCC_NO_COMMON_BLOCKS = YES;
				GCC_OPTIMIZATION_LEVEL = 0;
				GCC_PREPROCESSOR_DEFINITIONS = (
					"DEBUG=1",
					"$(inherited)",
				);
				GCC_WARN_64_TO_32_BIT_CONVERSION = YES;
				GCC_WARN_ABOUT_RETURN_TYPE = YES_ERROR;
				GCC_WARN_UNDECLARED_SELECTOR = YES;
				GCC_WARN_UNINITIALIZED_AUTOS = YES_AGGRESSIVE;
				GCC_WARN_UNUSED_FUNCTION = YES;
				GCC_WARN_UNUSED_VARIABLE = YES;
				IPHONEOS_DEPLOYMENT_TARGET = 12.2;
				MTL_ENABLE_DEBUG_INFO = INCLUDE_SOURCE;
				MTL_FAST_MATH = YES;
				ONLY_ACTIVE_ARCH = YES;
				SDKROOT = iphoneos;
			};
			name = Debug;
		};
		E79985632340AEF000327913 /* Release */ = {
			isa = XCBuildConfiguration;
			buildSettings = {
				ALWAYS_SEARCH_USER_PATHS = NO;
				CLANG_ANALYZER_NONNULL = YES;
				CLANG_ANALYZER_NUMBER_OBJECT_CONVERSION = YES_AGGRESSIVE;
				CLANG_CXX_LANGUAGE_STANDARD = "gnu++14";
				CLANG_CXX_LIBRARY = "libc++";
				CLANG_ENABLE_MODULES = YES;
				CLANG_ENABLE_OBJC_ARC = YES;
				CLANG_ENABLE_OBJC_WEAK = YES;
				CLANG_WARN_BLOCK_CAPTURE_AUTORELEASING = YES;
				CLANG_WARN_BOOL_CONVERSION = YES;
				CLANG_WARN_COMMA = YES;
				CLANG_WARN_CONSTANT_CONVERSION = YES;
				CLANG_WARN_DEPRECATED_OBJC_IMPLEMENTATIONS = YES;
				CLANG_WARN_DIRECT_OBJC_ISA_USAGE = YES_ERROR;
				CLANG_WARN_DOCUMENTATION_COMMENTS = YES;
				CLANG_WARN_EMPTY_BODY = YES;
				CLANG_WARN_ENUM_CONVERSION = YES;
				CLANG_WARN_INFINITE_RECURSION = YES;
				CLANG_WARN_INT_CONVERSION = YES;
				CLANG_WARN_NON_LITERAL_NULL_CONVERSION = YES;
				CLANG_WARN_OBJC_IMPLICIT_RETAIN_SELF = YES;
				CLANG_WARN_OBJC_LITERAL_CONVERSION = YES;
				CLANG_WARN_OBJC_ROOT_CLASS = YES_ERROR;
				CLANG_WARN_RANGE_LOOP_ANALYSIS = YES;
				CLANG_WARN_STRICT_PROTOTYPES = YES;
				CLANG_WARN_SUSPICIOUS_MOVE = YES;
				CLANG_WARN_UNGUARDED_AVAILABILITY = YES_AGGRESSIVE;
				CLANG_WARN_UNREACHABLE_CODE = YES;
				CLANG_WARN__DUPLICATE_METHOD_MATCH = YES;
				CODE_SIGN_IDENTITY = "iPhone Developer";
				COPY_PHASE_STRIP = NO;
				DEBUG_INFORMATION_FORMAT = "dwarf-with-dsym";
				ENABLE_NS_ASSERTIONS = NO;
				ENABLE_STRICT_OBJC_MSGSEND = YES;
				GCC_C_LANGUAGE_STANDARD = gnu11;
				GCC_NO_COMMON_BLOCKS = YES;
				GCC_WARN_64_TO_32_BIT_CONVERSION = YES;
				GCC_WARN_ABOUT_RETURN_TYPE = YES_ERROR;
				GCC_WARN_UNDECLARED_SELECTOR = YES;
				GCC_WARN_UNINITIALIZED_AUTOS = YES_AGGRESSIVE;
				GCC_WARN_UNUSED_FUNCTION = YES;
				GCC_WARN_UNUSED_VARIABLE = YES;
				IPHONEOS_DEPLOYMENT_TARGET = 12.2;
				MTL_ENABLE_DEBUG_INFO = NO;
				MTL_FAST_MATH = YES;
				SDKROOT = iphoneos;
				VALIDATE_PRODUCT = YES;
			};
			name = Release;
		};
		E79985652340AEF000327913 /* Debug */ = {
			isa = XCBuildConfiguration;
			buildSettings = {
				ASSETCATALOG_COMPILER_APPICON_NAME = AppIcon;
				CODE_SIGN_STYLE = Automatic;
				DEVELOPMENT_TEAM = RDWP6H4RAY;
				INFOPLIST_FILE = Job/Info.plist;
				LD_RUNPATH_SEARCH_PATHS = (
					"$(inherited)",
					"@executable_path/Frameworks",
				);
				PRODUCT_BUNDLE_IDENTIFIER = LYY.Job;
				PRODUCT_NAME = "$(TARGET_NAME)";
				TARGETED_DEVICE_FAMILY = "1,2";
			};
			name = Debug;
		};
		E79985662340AEF000327913 /* Release */ = {
			isa = XCBuildConfiguration;
			buildSettings = {
				ASSETCATALOG_COMPILER_APPICON_NAME = AppIcon;
				CODE_SIGN_STYLE = Automatic;
				DEVELOPMENT_TEAM = RDWP6H4RAY;
				INFOPLIST_FILE = Job/Info.plist;
				LD_RUNPATH_SEARCH_PATHS = (
					"$(inherited)",
					"@executable_path/Frameworks",
				);
				PRODUCT_BUNDLE_IDENTIFIER = LYY.Job;
				PRODUCT_NAME = "$(TARGET_NAME)";
				TARGETED_DEVICE_FAMILY = "1,2";
			};
			name = Release;
		};
/* End XCBuildConfiguration section */

/* Begin XCConfigurationList section */
		E79985492340AEE900327913 /* Build configuration list for PBXProject "Job" */ = {
			isa = XCConfigurationList;
			buildConfigurations = (
				E79985622340AEF000327913 /* Debug */,
				E79985632340AEF000327913 /* Release */,
			);
			defaultConfigurationIsVisible = 0;
			defaultConfigurationName = Release;
		};
		E79985642340AEF000327913 /* Build configuration list for PBXNativeTarget "Job" */ = {
			isa = XCConfigurationList;
			buildConfigurations = (
				E79985652340AEF000327913 /* Debug */,
				E79985662340AEF000327913 /* Release */,
			);
			defaultConfigurationIsVisible = 0;
			defaultConfigurationName = Release;
		};
/* End XCConfigurationList section */
	};
	rootObject = E79985462340AEE900327913 /* Project object */;
}
